
Microsoft Visual Studio Solution File, Format Version 12.00
# Visual Studio 14
VisualStudioVersion = 14.0.25123.0
MinimumVisualStudioVersion = 10.0.40219.1
Project("{FAE04EC0-301F-11D3-BF4B-00C04F79EFBC}") = "Memento.Persistence.InMemory", "src\MementoFX.Persistence.InMemory\Memento.Persistence.InMemory.csproj", "{DD3F844C-CD90-4C81-81AB-BAF1F97F12D9}"
EndProject
Project("{FAE04EC0-301F-11D3-BF4B-00C04F79EFBC}") = "Memento.Persistence.InMemory.Tests", "src\MementoFX.Persistence.InMemory.Tests\Memento.Persistence.InMemory.Tests.csproj", "{53F133E6-41F7-4E6B-80CE-107AF362D048}"
EndProject
Global
	GlobalSection(SolutionConfigurationPlatforms) = preSolution
		Debug|Any CPU = Debug|Any CPU
		Release|Any CPU = Release|Any CPU
	EndGlobalSection
	GlobalSection(ProjectConfigurationPlatforms) = postSolution
		{DD3F844C-CD90-4C81-81AB-BAF1F97F12D9}.Debug|Any CPU.ActiveCfg = Debug|Any CPU
		{DD3F844C-CD90-4C81-81AB-BAF1F97F12D9}.Debug|Any CPU.Build.0 = Debug|Any CPU
		{DD3F844C-CD90-4C81-81AB-BAF1F97F12D9}.Release|Any CPU.ActiveCfg = Release|Any CPU
		{DD3F844C-CD90-4C81-81AB-BAF1F97F12D9}.Release|Any CPU.Build.0 = Release|Any CPU
		{53F133E6-41F7-4E6B-80CE-107AF362D048}.Debug|Any CPU.ActiveCfg = Debug|Any CPU
		{53F133E6-41F7-4E6B-80CE-107AF362D048}.Debug|Any CPU.Build.0 = Debug|Any CPU
		{53F133E6-41F7-4E6B-80CE-107AF362D048}.Release|Any CPU.ActiveCfg = Release|Any CPU
		{53F133E6-41F7-4E6B-80CE-107AF362D048}.Release|Any CPU.Build.0 = Release|Any CPU
	EndGlobalSection
	GlobalSection(SolutionProperties) = preSolution
		HideSolutionNode = FALSE
	EndGlobalSection
EndGlobal
